{
  "name": "gramolaRodrigo-project-master",
  "lockfileVersion": 3,
  "requires": true,
  "packages": {
    "": {
      "dependencies": {
        "@stripe/stripe-js": "^8.6.1"
      }
    },
    "node_modules/@stripe/stripe-js": {
      "version": "8.6.1",
      "resolved": "https://registry.npmjs.org/@stripe/stripe-js/-/stripe-js-8.6.1.tgz",
      "integrity": "sha512-UJ05U2062XDgydbUcETH1AoRQLNhigQ2KmDn1BG8sC3xfzu6JKg95Qt6YozdzFpxl1Npii/02m2LEWFt1RYjVA==",
      "license": "MIT",
      "engines": {
        "node": ">=12.16"
      }
    }
  }
}
